
Microsoft Visual Studio Solution File, Format Version 12.00
# Visual Studio Version 16
VisualStudioVersion = 16.0.31729.503
MinimumVisualStudioVersion = 10.0.40219.1
Project("{8BC9CEB8-8B4A-11D0-8D11-00A0C91BC942}") = "Poc", "Poc.vcxproj", "{486398F7-217E-4A58-91CE-08B7095C2472}"
EndProject
Global
	GlobalSection(SolutionConfigurationPlatforms) = preSolution
		amd64|ARM = amd64|ARM
		amd64|ARM64 = amd64|ARM64
		amd64|x64 = amd64|x64
		amd64|x86 = amd64|x86
		Debug|ARM = Debug|ARM
		Debug|ARM64 = Debug|ARM64
		Debug|x64 = Debug|x64
		Debug|x86 = Debug|x86
		Release|ARM = Release|ARM
		Release|ARM64 = Release|ARM64
		Release|x64 = Release|x64
		Release|x86 = Release|x86
		x86|ARM = x86|ARM
		x86|ARM64 = x86|ARM64
		x86|x64 = x86|x64
		x86|x86 = x86|x86
	EndGlobalSection
	GlobalSection(ProjectConfigurationPlatforms) = postSolution
		{486398F7-217E-4A58-91CE-08B7095C2472}.amd64|ARM.ActiveCfg = Debug|ARM
		{486398F7-217E-4A58-91CE-08B7095C2472}.amd64|ARM.Build.0 = Debug|ARM
		{486398F7-217E-4A58-91CE-08B7095C2472}.amd64|ARM.Deploy.0 = Debug|ARM
		{486398F7-217E-4A58-91CE-08B7095C2472}.amd64|ARM64.ActiveCfg = Debug|ARM64
		{486398F7-217E-4A58-91CE-08B7095C2472}.amd64|ARM64.Build.0 = Debug|ARM64
		{486398F7-217E-4A58-91CE-08B7095C2472}.amd64|ARM64.Deploy.0 = Debug|ARM64
		{486398F7-217E-4A58-91CE-08B7095C2472}.amd64|x64.ActiveCfg = Debug|x64
		{486398F7-217E-4A58-91CE-08B7095C2472}.amd64|x64.Build.0 = Debug|x64
		{486398F7-217E-4A58-91CE-08B7095C2472}.amd64|x64.Deploy.0 = Debug|x64
		{486398F7-217E-4A58-91CE-08B7095C2472}.amd64|x86.ActiveCfg = Debug|Win32
		{486398F7-217E-4A58-91CE-08B7095C2472}.amd64|x86.Build.0 = Debug|Win32
		{486398F7-217E-4A58-91CE-08B7095C2472}.amd64|x86.Deploy.0 = Debug|Win32
		{486398F7-217E-4A58-91CE-08B7095C2472}.Debug|ARM.ActiveCfg = Debug|ARM
		{486398F7-217E-4A58-91CE-08B7095C2472}.Debug|ARM.Build.0 = Debug|ARM
		{486398F7-217E-4A58-91CE-08B7095C2472}.Debug|ARM.Deploy.0 = Debug|ARM
		{486398F7-217E-4A58-91CE-08B7095C2472}.Debug|ARM64.ActiveCfg = Debug|ARM64
		{486398F7-217E-4A58-91CE-08B7095C2472}.Debug|ARM64.Build.0 = Debug|ARM64
		{486398F7-217E-4A58-91CE-08B7095C2472}.Debug|ARM64.Deploy.0 = Debug|ARM64
		{486398F7-217E-4A58-91CE-08B7095C2472}.Debug|x64.ActiveCfg = Debug|x64
		{486398F7-217E-4A58-91CE-08B7095C2472}.Debug|x64.Build.0 = Debug|x64
		{486398F7-217E-4A58-91CE-08B7095C2472}.Debug|x64.Deploy.0 = Debug|x64
		{486398F7-217E-4A58-91CE-08B7095C2472}.Debug|x86.ActiveCfg = Debug|Win32
		{486398F7-217E-4A58-91CE-08B7095C2472}.Debug|x86.Build.0 = Debug|Win32
		{486398F7-217E-4A58-91CE-08B7095C2472}.Debug|x86.Deploy.0 = Debug|Win32
		{486398F7-217E-4A58-91CE-08B7095C2472}.Release|ARM.ActiveCfg = Release|ARM
		{486398F7-217E-4A58-91CE-08B7095C2472}.Release|ARM.Build.0 = Release|ARM
		{486398F7-217E-4A58-91CE-08B7095C2472}.Release|ARM.Deploy.0 = Release|ARM
		{486398F7-217E-4A58-91CE-08B7095C2472}.Release|ARM64.ActiveCfg = Release|ARM64
		{486398F7-217E-4A58-91CE-08B7095C2472}.Release|ARM64.Build.0 = Release|ARM64
		{486398F7-217E-4A58-91CE-08B7095C2472}.Release|ARM64.Deploy.0 = Release|ARM64
		{486398F7-217E-4A58-91CE-08B7095C2472}.Release|x64.ActiveCfg = Release|x64
		{486398F7-217E-4A58-91CE-08B7095C2472}.Release|x64.Build.0 = Release|x64
		{486398F7-217E-4A58-91CE-08B7095C2472}.Release|x64.Deploy.0 = Release|x64
		{486398F7-217E-4A58-91CE-08B7095C2472}.Release|x86.ActiveCfg = Release|Win32
		{486398F7-217E-4A58-91CE-08B7095C2472}.Release|x86.Build.0 = Release|Win32
		{486398F7-217E-4A58-91CE-08B7095C2472}.Release|x86.Deploy.0 = Release|Win32
		{486398F7-217E-4A58-91CE-08B7095C2472}.x86|ARM.ActiveCfg = Debug|ARM
		{486398F7-217E-4A58-91CE-08B7095C2472}.x86|ARM.Build.0 = Debug|ARM
		{486398F7-217E-4A58-91CE-08B7095C2472}.x86|ARM.Deploy.0 = Debug|ARM
		{486398F7-217E-4A58-91CE-08B7095C2472}.x86|ARM64.ActiveCfg = Debug|ARM64
		{486398F7-217E-4A58-91CE-08B7095C2472}.x86|ARM64.Build.0 = Debug|ARM64
		{486398F7-217E-4A58-91CE-08B7095C2472}.x86|ARM64.Deploy.0 = Debug|ARM64
		{486398F7-217E-4A58-91CE-08B7095C2472}.x86|x64.ActiveCfg = Debug|x64
		{486398F7-217E-4A58-91CE-08B7095C2472}.x86|x64.Build.0 = Debug|x64
		{486398F7-217E-4A58-91CE-08B7095C2472}.x86|x64.Deploy.0 = Debug|x64
		{486398F7-217E-4A58-91CE-08B7095C2472}.x86|x86.ActiveCfg = Debug|Win32
		{486398F7-217E-4A58-91CE-08B7095C2472}.x86|x86.Build.0 = Debug|Win32
		{486398F7-217E-4A58-91CE-08B7095C2472}.x86|x86.Deploy.0 = Debug|Win32
	EndGlobalSection
	GlobalSection(SolutionProperties) = preSolution
		HideSolutionNode = FALSE
	EndGlobalSection
	GlobalSection(ExtensibilityGlobals) = postSolution
		SolutionGuid = {9FE40B75-0F1B-4A0D-B2B4-9DA1DD730550}
	EndGlobalSection
EndGlobal
